
Microsoft Visual Studio Solution File, Format Version 12.00
# Visual Studio Version 17
VisualStudioVersion = 17.1.32210.238
MinimumVisualStudioVersion = 10.0.40219.1
Project("{FAE04EC0-301F-11D3-BF4B-00C04F79EFBC}") = "ASP.NET Web API", "ASP.NET Web API\ASP.NET Web API.csproj", "{AE038F55-07B1-407B-9EC9-80FD8619D41B}"
EndProject
Global
	GlobalSection(SolutionConfigurationPlatforms) = preSolution
		Debug|Any CPU = Debug|Any CPU
		Release|Any CPU = Release|Any CPU
	EndGlobalSection
	GlobalSection(ProjectConfigurationPlatforms) = postSolution
		{AE038F55-07B1-407B-9EC9-80FD8619D41B}.Debug|Any CPU.ActiveCfg = Debug|Any CPU
		{AE038F55-07B1-407B-9EC9-80FD8619D41B}.Debug|Any CPU.Build.0 = Debug|Any CPU
		{AE038F55-07B1-407B-9EC9-80FD8619D41B}.Release|Any CPU.ActiveCfg = Release|Any CPU
		{AE038F55-07B1-407B-9EC9-80FD8619D41B}.Release|Any CPU.Build.0 = Release|Any CPU
	EndGlobalSection
	GlobalSection(SolutionProperties) = preSolution
		HideSolutionNode = FALSE
	EndGlobalSection
	GlobalSection(ExtensibilityGlobals) = postSolution
		SolutionGuid = {FD2C5C46-609D-4BBD-A276-231681C0E684}
	EndGlobalSection
EndGlobal
